// !$*UTF8*$!
{
	archiveVersion = 1;
	classes = {
	};
	objectVersion = 56;
	objects = {

/* Begin PBXBuildFile section */
		A12C7F722B16AD8D0010DD76 /* AppDelegate.swift in Sources */ = {isa = PBXBuildFile; fileRef = A12C7F712B16AD8D0010DD76 /* AppDelegate.swift */; };
		A12C7F742B16AD8D0010DD76 /* SceneDelegate.swift in Sources */ = {isa = PBXBuildFile; fileRef = A12C7F732B16AD8D0010DD76 /* SceneDelegate.swift */; };
		A12C7F762B16AD8D0010DD76 /* QuizViewController.swift in Sources */ = {isa = PBXBuildFile; fileRef = A12C7F752B16AD8D0010DD76 /* QuizViewController.swift */; };
		A12C7F792B16AD8D0010DD76 /* Main.storyboard in Resources */ = {isa = PBXBuildFile; fileRef = A12C7F772B16AD8D0010DD76 /* Main.storyboard */; };
		A12C7F7B2B16AD8E0010DD76 /* Assets.xcassets in Resources */ = {isa = PBXBuildFile; fileRef = A12C7F7A2B16AD8E0010DD76 /* Assets.xcassets */; };
		A12C7F7E2B16AD8E0010DD76 /* LaunchScreen.storyboard in Resources */ = {isa = PBXBuildFile; fileRef = A12C7F7C2B16AD8E0010DD76 /* LaunchScreen.storyboard */; };
		A12C7F892B16AD8F0010DD76 /* EdoKuizuTests.swift in Sources */ = {isa = PBXBuildFile; fileRef = A12C7F882B16AD8F0010DD76 /* EdoKuizuTests.swift */; };
		A12C7F932B16AD8F0010DD76 /* EdoKuizuUITests.swift in Sources */ = {isa = PBXBuildFile; fileRef = A12C7F922B16AD8F0010DD76 /* EdoKuizuUITests.swift */; };
		A12C7F952B16AD8F0010DD76 /* EdoKuizuUITestsLaunchTests.swift in Sources */ = {isa = PBXBuildFile; fileRef = A12C7F942B16AD8F0010DD76 /* EdoKuizuUITestsLaunchTests.swift */; };
		A12C7FA42B17EC8A0010DD76 /* Quiz.swift in Sources */ = {isa = PBXBuildFile; fileRef = A12C7FA32B17EC8A0010DD76 /* Quiz.swift */; };
		A12C7FB42B1E985C0010DD76 /* QuizBrain.swift in Sources */ = {isa = PBXBuildFile; fileRef = A12C7FB32B1E985C0010DD76 /* QuizBrain.swift */; };
		A12C7FB82B1EA0130010DD76 /* ResultViewController.swift in Sources */ = {isa = PBXBuildFile; fileRef = A12C7FB72B1EA0130010DD76 /* ResultViewController.swift */; };
/* End PBXBuildFile section */

/* Begin PBXContainerItemProxy section */
		A12C7F852B16AD8F0010DD76 /* PBXContainerItemProxy */ = {
			isa = PBXContainerItemProxy;
			containerPortal = A12C7F662B16AD8D0010DD76 /* Project object */;
			proxyType = 1;
			remoteGlobalIDString = A12C7F6D2B16AD8D0010DD76;
			remoteInfo = EdoKuizu;
		};
		A12C7F8F2B16AD8F0010DD76 /* PBXContainerItemProxy */ = {
			isa = PBXContainerItemProxy;
			containerPortal = A12C7F662B16AD8D0010DD76 /* Project object */;
			proxyType = 1;
			remoteGlobalIDString = A12C7F6D2B16AD8D0010DD76;
			remoteInfo = EdoKuizu;
		};
/* End PBXContainerItemProxy section */

/* Begin PBXFileReference section */
		A12C7F6E2B16AD8D0010DD76 /* EdoKuizu.app */ = {isa = PBXFileReference; explicitFileType = wrapper.application; includeInIndex = 0; path = EdoKuizu.app; sourceTree = BUILT_PRODUCTS_DIR; };
		A12C7F712B16AD8D0010DD76 /* AppDelegate.swift */ = {isa = PBXFileReference; lastKnownFileType = sourcecode.swift; path = AppDelegate.swift; sourceTree = "<group>"; };
		A12C7F732B16AD8D0010DD76 /* SceneDelegate.swift */ = {isa = PBXFileReference; lastKnownFileType = sourcecode.swift; path = SceneDelegate.swift; sourceTree = "<group>"; };
		A12C7F752B16AD8D0010DD76 /* QuizViewController.swift */ = {isa = PBXFileReference; lastKnownFileType = sourcecode.swift; path = QuizViewController.swift; sourceTree = "<group>"; };
		A12C7F782B16AD8D0010DD76 /* Base */ = {isa = PBXFileReference; lastKnownFileType = file.storyboard; name = Base; path = Base.lproj/Main.storyboard; sourceTree = "<group>"; };
		A12C7F7A2B16AD8E0010DD76 /* Assets.xcassets */ = {isa = PBXFileReference; lastKnownFileType = folder.assetcatalog; path = Assets.xcassets; sourceTree = "<group>"; };
		A12C7F7D2B16AD8E0010DD76 /* Base */ = {isa = PBXFileReference; lastKnownFileType = file.storyboard; name = Base; path = Base.lproj/LaunchScreen.storyboard; sourceTree = "<group>"; };
		A12C7F7F2B16AD8E0010DD76 /* Info.plist */ = {isa = PBXFileReference; lastKnownFileType = text.plist.xml; path = Info.plist; sourceTree = "<group>"; };
		A12C7F842B16AD8F0010DD76 /* EdoKuizuTests.xctest */ = {isa = PBXFileReference; explicitFileType = wrapper.cfbundle; includeInIndex = 0; path = EdoKuizuTests.xctest; sourceTree = BUILT_PRODUCTS_DIR; };
		A12C7F882B16AD8F0010DD76 /* EdoKuizuTests.swift */ = {isa = PBXFileReference; lastKnownFileType = sourcecode.swift; path = EdoKuizuTests.swift; sourceTree = "<group>"; };
		A12C7F8E2B16AD8F0010DD76 /* EdoKuizuUITests.xctest */ = {isa = PBXFileReference; explicitFileType = wrapper.cfbundle; includeInIndex = 0; path = EdoKuizuUITests.xctest; sourceTree = BUILT_PRODUCTS_DIR; };
		A12C7F922B16AD8F0010DD76 /* EdoKuizuUITests.swift */ = {isa = PBXFileReference; lastKnownFileType = sourcecode.swift; path = EdoKuizuUITests.swift; sourceTree = "<group>"; };
		A12C7F942B16AD8F0010DD76 /* EdoKuizuUITestsLaunchTests.swift */ = {isa = PBXFileReference; lastKnownFileType = sourcecode.swift; path = EdoKuizuUITestsLaunchTests.swift; sourceTree = "<group>"; };
		A12C7FA32B17EC8A0010DD76 /* Quiz.swift */ = {isa = PBXFileReference; lastKnownFileType = sourcecode.swift; path = Quiz.swift; sourceTree = "<group>"; };
		A12C7FB32B1E985C0010DD76 /* QuizBrain.swift */ = {isa = PBXFileReference; lastKnownFileType = sourcecode.swift; path = QuizBrain.swift; sourceTree = "<group>"; };
		A12C7FB72B1EA0130010DD76 /* ResultViewController.swift */ = {isa = PBXFileReference; lastKnownFileType = sourcecode.swift; path = ResultViewController.swift; sourceTree = "<group>"; };
/* End PBXFileReference section */

/* Begin PBXFrameworksBuildPhase section */
		A12C7F6B2B16AD8D0010DD76 /* Frameworks */ = {
			isa = PBXFrameworksBuildPhase;
			buildActionMask = 2147483647;
			files = (
			);
			runOnlyForDeploymentPostprocessing = 0;
		};
		A12C7F812B16AD8F0010DD76 /* Frameworks */ = {
			isa = PBXFrameworksBuildPhase;
			buildActionMask = 2147483647;
			files = (
			);
			runOnlyForDeploymentPostprocessing = 0;
		};
		A12C7F8B2B16AD8F0010DD76 /* Frameworks */ = {
			isa = PBXFrameworksBuildPhase;
			buildActionMask = 2147483647;
			files = (
			);
			runOnlyForDeploymentPostprocessing = 0;
		};
/* End PBXFrameworksBuildPhase section */

/* Begin PBXGroup section */
		A12C7F652B16AD8D0010DD76 = {
			isa = PBXGroup;
			children = (
				A12C7F702B16AD8D0010DD76 /* EdoKuizu */,
				A12C7F872B16AD8F0010DD76 /* EdoKuizuTests */,
				A12C7F912B16AD8F0010DD76 /* EdoKuizuUITests */,
				A12C7F6F2B16AD8D0010DD76 /* Products */,
			);
			sourceTree = "<group>";
		};
		A12C7F6F2B16AD8D0010DD76 /* Products */ = {
			isa = PBXGroup;
			children = (
				A12C7F6E2B16AD8D0010DD76 /* EdoKuizu.app */,
				A12C7F842B16AD8F0010DD76 /* EdoKuizuTests.xctest */,
				A12C7F8E2B16AD8F0010DD76 /* EdoKuizuUITests.xctest */,
			);
			name = Products;
			sourceTree = "<group>";
		};
		A12C7F702B16AD8D0010DD76 /* EdoKuizu */ = {
			isa = PBXGroup;
			children = (
				A12C7F712B16AD8D0010DD76 /* AppDelegate.swift */,
				A12C7F732B16AD8D0010DD76 /* SceneDelegate.swift */,
				A12C7FB22B1E984B0010DD76 /* Model */,
				A12C7FB52B1E98720010DD76 /* View */,
				A12C7FB62B1E987B0010DD76 /* Controller */,
				A12C7F7A2B16AD8E0010DD76 /* Assets.xcassets */,
				A12C7F7C2B16AD8E0010DD76 /* LaunchScreen.storyboard */,
				A12C7F7F2B16AD8E0010DD76 /* Info.plist */,
			);
			path = EdoKuizu;
			sourceTree = "<group>";
		};
		A12C7F872B16AD8F0010DD76 /* EdoKuizuTests */ = {
			isa = PBXGroup;
			children = (
				A12C7F882B16AD8F0010DD76 /* EdoKuizuTests.swift */,
			);
			path = EdoKuizuTests;
			sourceTree = "<group>";
		};
		A12C7F912B16AD8F0010DD76 /* EdoKuizuUITests */ = {
			isa = PBXGroup;
			children = (
				A12C7F922B16AD8F0010DD76 /* EdoKuizuUITests.swift */,
				A12C7F942B16AD8F0010DD76 /* EdoKuizuUITestsLaunchTests.swift */,
			);
			path = EdoKuizuUITests;
			sourceTree = "<group>";
		};
		A12C7FB22B1E984B0010DD76 /* Model */ = {
			isa = PBXGroup;
			children = (
				A12C7FA32B17EC8A0010DD76 /* Quiz.swift */,
				A12C7FB32B1E985C0010DD76 /* QuizBrain.swift */,
			);
			path = Model;
			sourceTree = "<group>";
		};
		A12C7FB52B1E98720010DD76 /* View */ = {
			isa = PBXGroup;
			children = (
				A12C7F772B16AD8D0010DD76 /* Main.storyboard */,
			);
			path = View;
			sourceTree = "<group>";
		};
		A12C7FB62B1E987B0010DD76 /* Controller */ = {
			isa = PBXGroup;
			children = (
				A12C7F752B16AD8D0010DD76 /* QuizViewController.swift */,
				A12C7FB72B1EA0130010DD76 /* ResultViewController.swift */,
			);
			path = Controller;
			sourceTree = "<group>";
		};
/* End PBXGroup section */

/* Begin PBXNativeTarget section */
		A12C7F6D2B16AD8D0010DD76 /* EdoKuizu */ = {
			isa = PBXNativeTarget;
			buildConfigurationList = A12C7F982B16AD8F0010DD76 /* Build configuration list for PBXNativeTarget "EdoKuizu" */;
			buildPhases = (
				A12C7F6A2B16AD8D0010DD76 /* Sources */,
				A12C7F6B2B16AD8D0010DD76 /* Frameworks */,
				A12C7F6C2B16AD8D0010DD76 /* Resources */,
			);
			buildRules = (
			);
			dependencies = (
			);
			name = EdoKuizu;
			productName = EdoKuizu;
			productReference = A12C7F6E2B16AD8D0010DD76 /* EdoKuizu.app */;
			productType = "com.apple.product-type.application";
		};
		A12C7F832B16AD8F0010DD76 /* EdoKuizuTests */ = {
			isa = PBXNativeTarget;
			buildConfigurationList = A12C7F9B2B16AD8F0010DD76 /* Build configuration list for PBXNativeTarget "EdoKuizuTests" */;
			buildPhases = (
				A12C7F802B16AD8F0010DD76 /* Sources */,
				A12C7F812B16AD8F0010DD76 /* Frameworks */,
				A12C7F822B16AD8F0010DD76 /* Resources */,
			);
			buildRules = (
			);
			dependencies = (
				A12C7F862B16AD8F0010DD76 /* PBXTargetDependency */,
			);
			name = EdoKuizuTests;
			productName = EdoKuizuTests;
			productReference = A12C7F842B16AD8F0010DD76 /* EdoKuizuTests.xctest */;
			productType = "com.apple.product-type.bundle.unit-test";
		};
		A12C7F8D2B16AD8F0010DD76 /* EdoKuizuUITests */ = {
			isa = PBXNativeTarget;
			buildConfigurationList = A12C7F9E2B16AD8F0010DD76 /* Build configuration list for PBXNativeTarget "EdoKuizuUITests" */;
			buildPhases = (
				A12C7F8A2B16AD8F0010DD76 /* Sources */,
				A12C7F8B2B16AD8F0010DD76 /* Frameworks */,
				A12C7F8C2B16AD8F0010DD76 /* Resources */,
			);
			buildRules = (
			);
			dependencies = (
				A12C7F902B16AD8F0010DD76 /* PBXTargetDependency */,
			);
			name = EdoKuizuUITests;
			productName = EdoKuizuUITests;
			productReference = A12C7F8E2B16AD8F0010DD76 /* EdoKuizuUITests.xctest */;
			productType = "com.apple.product-type.bundle.ui-testing";
		};
/* End PBXNativeTarget section */

/* Begin PBXProject section */
		A12C7F662B16AD8D0010DD76 /* Project object */ = {
			isa = PBXProject;
			attributes = {
				BuildIndependentTargetsInParallel = 1;
				LastSwiftUpdateCheck = 1500;
				LastUpgradeCheck = 1500;
				TargetAttributes = {
					A12C7F6D2B16AD8D0010DD76 = {
						CreatedOnToolsVersion = 15.0.1;
					};
					A12C7F832B16AD8F0010DD76 = {
						CreatedOnToolsVersion = 15.0.1;
						TestTargetID = A12C7F6D2B16AD8D0010DD76;
					};
					A12C7F8D2B16AD8F0010DD76 = {
						CreatedOnToolsVersion = 15.0.1;
						TestTargetID = A12C7F6D2B16AD8D0010DD76;
					};
				};
			};
			buildConfigurationList = A12C7F692B16AD8D0010DD76 /* Build configuration list for PBXProject "EdoKuizu" */;
			compatibilityVersion = "Xcode 14.0";
			developmentRegion = en;
			hasScannedForEncodings = 0;
			knownRegions = (
				en,
				Base,
			);
			mainGroup = A12C7F652B16AD8D0010DD76;
			productRefGroup = A12C7F6F2B16AD8D0010DD76 /* Products */;
			projectDirPath = "";
			projectRoot = "";
			targets = (
				A12C7F6D2B16AD8D0010DD76 /* EdoKuizu */,
				A12C7F832B16AD8F0010DD76 /* EdoKuizuTests */,
				A12C7F8D2B16AD8F0010DD76 /* EdoKuizuUITests */,
			);
		};
/* End PBXProject section */

/* Begin PBXResourcesBuildPhase section */
		A12C7F6C2B16AD8D0010DD76 /* Resources */ = {
			isa = PBXResourcesBuildPhase;
			buildActionMask = 2147483647;
			files = (
				A12C7F7E2B16AD8E0010DD76 /* LaunchScreen.storyboard in Resources */,
				A12C7F7B2B16AD8E0010DD76 /* Assets.xcassets in Resources */,
				A12C7F792B16AD8D0010DD76 /* Main.storyboard in Resources */,
			);
			runOnlyForDeploymentPostprocessing = 0;
		};
		A12C7F822B16AD8F0010DD76 /* Resources */ = {
			isa = PBXResourcesBuildPhase;
			buildActionMask = 2147483647;
			files = (
			);
			runOnlyForDeploymentPostprocessing = 0;
		};
		A12C7F8C2B16AD8F0010DD76 /* Resources */ = {
			isa = PBXResourcesBuildPhase;
			buildActionMask = 2147483647;
			files = (
			);
			runOnlyForDeploymentPostprocessing = 0;
		};
/* End PBXResourcesBuildPhase section */

/* Begin PBXSourcesBuildPhase section */
		A12C7F6A2B16AD8D0010DD76 /* Sources */ = {
			isa = PBXSourcesBuildPhase;
			buildActionMask = 2147483647;
			files = (
				A12C7FB42B1E985C0010DD76 /* QuizBrain.swift in Sources */,
				A12C7F762B16AD8D0010DD76 /* QuizViewController.swift in Sources */,
				A12C7F722B16AD8D0010DD76 /* AppDelegate.swift in Sources */,
				A12C7FA42B17EC8A0010DD76 /* Quiz.swift in Sources */,
				A12C7F742B16AD8D0010DD76 /* SceneDelegate.swift in Sources */,
				A12C7FB82B1EA0130010DD76 /* ResultViewController.swift in Sources */,
			);
			runOnlyForDeploymentPostprocessing = 0;
		};
		A12C7F802B16AD8F0010DD76 /* Sources */ = {
			isa = PBXSourcesBuildPhase;
			buildActionMask = 2147483647;
			files = (
				A12C7F892B16AD8F0010DD76 /* EdoKuizuTests.swift in Sources */,
			);
			runOnlyForDeploymentPostprocessing = 0;
		};
		A12C7F8A2B16AD8F0010DD76 /* Sources */ = {
			isa = PBXSourcesBuildPhase;
			buildActionMask = 2147483647;
			files = (
				A12C7F952B16AD8F0010DD76 /* EdoKuizuUITestsLaunchTests.swift in Sources */,
				A12C7F932B16AD8F0010DD76 /* EdoKuizuUITests.swift in Sources */,
			);
			runOnlyForDeploymentPostprocessing = 0;
		};
/* End PBXSourcesBuildPhase section */

/* Begin PBXTargetDependency section */
		A12C7F862B16AD8F0010DD76 /* PBXTargetDependency */ = {
			isa = PBXTargetDependency;
			target = A12C7F6D2B16AD8D0010DD76 /* EdoKuizu */;
			targetProxy = A12C7F852B16AD8F0010DD76 /* PBXContainerItemProxy */;
		};
		A12C7F902B16AD8F0010DD76 /* PBXTargetDependency */ = {
			isa = PBXTargetDependency;
			target = A12C7F6D2B16AD8D0010DD76 /* EdoKuizu */;
			targetProxy = A12C7F8F2B16AD8F0010DD76 /* PBXContainerItemProxy */;
		};
/* End PBXTargetDependency section */

/* Begin PBXVariantGroup section */
		A12C7F772B16AD8D0010DD76 /* Main.storyboard */ = {
			isa = PBXVariantGroup;
			children = (
				A12C7F782B16AD8D0010DD76 /* Base */,
			);
			name = Main.storyboard;
			sourceTree = "<group>";
		};
		A12C7F7C2B16AD8E0010DD76 /* LaunchScreen.storyboard */ = {
			isa = PBXVariantGroup;
			children = (
				A12C7F7D2B16AD8E0010DD76 /* Base */,
			);
			name = LaunchScreen.storyboard;
			sourceTree = "<group>";
		};
/* End PBXVariantGroup section */

/* Begin XCBuildConfiguration section */
		A12C7F962B16AD8F0010DD76 /* Debug */ = {
			isa = XCBuildConfiguration;
			buildSettings = {
				ALWAYS_SEARCH_USER_PATHS = NO;
				ASSETCATALOG_COMPILER_GENERATE_SWIFT_ASSET_SYMBOL_EXTENSIONS = YES;
				CLANG_ANALYZER_NONNULL = YES;
				CLANG_ANALYZER_NUMBER_OBJECT_CONVERSION = YES_AGGRESSIVE;
				CLANG_CXX_LANGUAGE_STANDARD = "gnu++20";
				CLANG_ENABLE_MODULES = YES;
				CLANG_ENABLE_OBJC_ARC = YES;
				CLANG_ENABLE_OBJC_WEAK = YES;
				CLANG_WARN_BLOCK_CAPTURE_AUTORELEASING = YES;
				CLANG_WARN_BOOL_CONVERSION = YES;
				CLANG_WARN_COMMA = YES;
				CLANG_WARN_CONSTANT_CONVERSION = YES;
				CLANG_WARN_DEPRECATED_OBJC_IMPLEMENTATIONS = YES;
				CLANG_WARN_DIRECT_OBJC_ISA_USAGE = YES_ERROR;
				CLANG_WARN_DOCUMENTATION_COMMENTS = YES;
				CLANG_WARN_EMPTY_BODY = YES;
				CLANG_WARN_ENUM_CONVERSION = YES;
				CLANG_WARN_INFINITE_RECURSION = YES;
				CLANG_WARN_INT_CONVERSION = YES;
				CLANG_WARN_NON_LITERAL_NULL_CONVERSION = YES;
				CLANG_WARN_OBJC_IMPLICIT_RETAIN_SELF = YES;
				CLANG_WARN_OBJC_LITERAL_CONVERSION = YES;
				CLANG_WARN_OBJC_ROOT_CLASS = YES_ERROR;
				CLANG_WARN_QUOTED_INCLUDE_IN_FRAMEWORK_HEADER = YES;
				CLANG_WARN_RANGE_LOOP_ANALYSIS = YES;
				CLANG_WARN_STRICT_PROTOTYPES = YES;
				CLANG_WARN_SUSPICIOUS_MOVE = YES;
				CLANG_WARN_UNGUARDED_AVAILABILITY = YES_AGGRESSIVE;
				CLANG_WARN_UNREACHABLE_CODE = YES;
				CLANG_WARN__DUPLICATE_METHOD_MATCH = YES;
				COPY_PHASE_STRIP = NO;
				DEBUG_INFORMATION_FORMAT = dwarf;
				ENABLE_STRICT_OBJC_MSGSEND = YES;
				ENABLE_TESTABILITY = YES;
				ENABLE_USER_SCRIPT_SANDBOXING = YES;
				GCC_C_LANGUAGE_STANDARD = gnu17;
				GCC_DYNAMIC_NO_PIC = NO;
				GCC_NO_COMMON_BLOCKS = YES;
				GCC_OPTIMIZATION_LEVEL = 0;
				GCC_PREPROCESSOR_DEFINITIONS = (
					"DEBUG=1",
					"$(inherited)",
				);
				GCC_WARN_64_TO_32_BIT_CONVERSION = YES;
				GCC_WARN_ABOUT_RETURN_TYPE = YES_ERROR;
				GCC_WARN_UNDECLARED_SELECTOR = YES;
				GCC_WARN_UNINITIALIZED_AUTOS = YES_AGGRESSIVE;
				GCC_WARN_UNUSED_FUNCTION = YES;
				GCC_WARN_UNUSED_VARIABLE = YES;
				IPHONEOS_DEPLOYMENT_TARGET = 17.0;
				LOCALIZATION_PREFERS_STRING_CATALOGS = YES;
				MTL_ENABLE_DEBUG_INFO = INCLUDE_SOURCE;
				MTL_FAST_MATH = YES;
				ONLY_ACTIVE_ARCH = YES;
				SDKROOT = iphoneos;
				SWIFT_ACTIVE_COMPILATION_CONDITIONS = "DEBUG $(inherited)";
				SWIFT_OPTIMIZATION_LEVEL = "-Onone";
			};
			name = Debug;
		};
		A12C7F972B16AD8F0010DD76 /* Release */ = {
			isa = XCBuildConfiguration;
			buildSettings = {
				ALWAYS_SEARCH_USER_PATHS = NO;
				ASSETCATALOG_COMPILER_GENERATE_SWIFT_ASSET_SYMBOL_EXTENSIONS = YES;
				CLANG_ANALYZER_NONNULL = YES;
				CLANG_ANALYZER_NUMBER_OBJECT_CONVERSION = YES_AGGRESSIVE;
				CLANG_CXX_LANGUAGE_STANDARD = "gnu++20";
				CLANG_ENABLE_MODULES = YES;
				CLANG_ENABLE_OBJC_ARC = YES;
				CLANG_ENABLE_OBJC_WEAK = YES;
				CLANG_WARN_BLOCK_CAPTURE_AUTORELEASING = YES;
				CLANG_WARN_BOOL_CONVERSION = YES;
				CLANG_WARN_COMMA = YES;
				CLANG_WARN_CONSTANT_CONVERSION = YES;
				CLANG_WARN_DEPRECATED_OBJC_IMPLEMENTATIONS = YES;
				CLANG_WARN_DIRECT_OBJC_ISA_USAGE = YES_ERROR;
				CLANG_WARN_DOCUMENTATION_COMMENTS = YES;
				CLANG_WARN_EMPTY_BODY = YES;
				CLANG_WARN_ENUM_CONVERSION = YES;
				CLANG_WARN_INFINITE_RECURSION = YES;
				CLANG_WARN_INT_CONVERSION = YES;
				CLANG_WARN_NON_LITERAL_NULL_CONVERSION = YES;
				CLANG_WARN_OBJC_IMPLICIT_RETAIN_SELF = YES;
				CLANG_WARN_OBJC_LITERAL_CONVERSION = YES;
				CLANG_WARN_OBJC_ROOT_CLASS = YES_ERROR;
				CLANG_WARN_QUOTED_INCLUDE_IN_FRAMEWORK_HEADER = YES;
				CLANG_WARN_RANGE_LOOP_ANALYSIS = YES;
				CLANG_WARN_STRICT_PROTOTYPES = YES;
				CLANG_WARN_SUSPICIOUS_MOVE = YES;
				CLANG_WARN_UNGUARDED_AVAILABILITY = YES_AGGRESSIVE;
				CLANG_WARN_UNREACHABLE_CODE = YES;
				CLANG_WARN__DUPLICATE_METHOD_MATCH = YES;
				COPY_PHASE_STRIP = NO;
				DEBUG_INFORMATION_FORMAT = "dwarf-with-dsym";
				ENABLE_NS_ASSERTIONS = NO;
				ENABLE_STRICT_OBJC_MSGSEND = YES;
				ENABLE_USER_SCRIPT_SANDBOXING = YES;
				GCC_C_LANGUAGE_STANDARD = gnu17;
				GCC_NO_COMMON_BLOCKS = YES;
				GCC_WARN_64_TO_32_BIT_CONVERSION = YES;
				GCC_WARN_ABOUT_RETURN_TYPE = YES_ERROR;
				GCC_WARN_UNDECLARED_SELECTOR = YES;
				GCC_WARN_UNINITIALIZED_AUTOS = YES_AGGRESSIVE;
				GCC_WARN_UNUSED_FUNCTION = YES;
				GCC_WARN_UNUSED_VARIABLE = YES;
				IPHONEOS_DEPLOYMENT_TARGET = 17.0;
				LOCALIZATION_PREFERS_STRING_CATALOGS = YES;
				MTL_ENABLE_DEBUG_INFO = NO;
				MTL_FAST_MATH = YES;
				SDKROOT = iphoneos;
				SWIFT_COMPILATION_MODE = wholemodule;
				VALIDATE_PRODUCT = YES;
			};
			name = Release;
		};
		A12C7F992B16AD8F0010DD76 /* Debug */ = {
			isa = XCBuildConfiguration;
			buildSettings = {
				ASSETCATALOG_COMPILER_APPICON_NAME = AppIcon;
				ASSETCATALOG_COMPILER_GLOBAL_ACCENT_COLOR_NAME = AccentColor;
				CODE_SIGN_STYLE = Automatic;
				CURRENT_PROJECT_VERSION = 1;
				DEVELOPMENT_TEAM = LV4S4TG49G;
				GENERATE_INFOPLIST_FILE = YES;
				INFOPLIST_FILE = EdoKuizu/Info.plist;
				INFOPLIST_KEY_UIApplicationSupportsIndirectInputEvents = YES;
				INFOPLIST_KEY_UILaunchStoryboardName = LaunchScreen;
				INFOPLIST_KEY_UIMainStoryboardFile = Main;
				INFOPLIST_KEY_UISupportedInterfaceOrientations_iPad = "UIInterfaceOrientationPortrait UIInterfaceOrientationPortraitUpsideDown UIInterfaceOrientationLandscapeLeft UIInterfaceOrientationLandscapeRight";
				INFOPLIST_KEY_UISupportedInterfaceOrientations_iPhone = "UIInterfaceOrientationPortrait UIInterfaceOrientationLandscapeLeft UIInterfaceOrientationLandscapeRight";
				LD_RUNPATH_SEARCH_PATHS = (
					"$(inherited)",
					"@executable_path/Frameworks",
				);
				MARKETING_VERSION = 1.0;
				PRODUCT_BUNDLE_IDENTIFIER = com.ilhamwahabi.EdoKuizu;
				PRODUCT_NAME = "$(TARGET_NAME)";
				SWIFT_EMIT_LOC_STRINGS = YES;
				SWIFT_VERSION = 5.0;
				TARGETED_DEVICE_FAMILY = "1,2";
			};
			name = Debug;
		};
		A12C7F9A2B16AD8F0010DD76 /* Release */ = {
			isa = XCBuildConfiguration;
			buildSettings = {
				ASSETCATALOG_COMPILER_APPICON_NAME = AppIcon;
				ASSETCATALOG_COMPILER_GLOBAL_ACCENT_COLOR_NAME = AccentColor;
				CODE_SIGN_STYLE = Automatic;
				CURRENT_PROJECT_VERSION = 1;
				DEVELOPMENT_TEAM = LV4S4TG49G;
				GENERATE_INFOPLIST_FILE = YES;
				INFOPLIST_FILE = EdoKuizu/Info.plist;
				INFOPLIST_KEY_UIApplicationSupportsIndirectInputEvents = YES;
				INFOPLIST_KEY_UILaunchStoryboardName = LaunchScreen;
				INFOPLIST_KEY_UIMainStoryboardFile = Main;
				INFOPLIST_KEY_UISupportedInterfaceOrientations_iPad = "UIInterfaceOrientationPortrait UIInterfaceOrientationPortraitUpsideDown UIInterfaceOrientationLandscapeLeft UIInterfaceOrientationLandscapeRight";
				INFOPLIST_KEY_UISupportedInterfaceOrientations_iPhone = "UIInterfaceOrientationPortrait UIInterfaceOrientationLandscapeLeft UIInterfaceOrientationLandscapeRight";
				LD_RUNPATH_SEARCH_PATHS = (
					"$(inherited)",
					"@executable_path/Frameworks",
				);
				MARKETING_VERSION = 1.0;
				PRODUCT_BUNDLE_IDENTIFIER = com.ilhamwahabi.EdoKuizu;
				PRODUCT_NAME = "$(TARGET_NAME)";
				SWIFT_EMIT_LOC_STRINGS = YES;
				SWIFT_VERSION = 5.0;
				TARGETED_DEVICE_FAMILY = "1,2";
			};
			name = Release;
		};
		A12C7F9C2B16AD8F0010DD76 /* Debug */ = {
			isa = XCBuildConfiguration;
			buildSettings = {
				ALWAYS_EMBED_SWIFT_STANDARD_LIBRARIES = YES;
				BUNDLE_LOADER = "$(TEST_HOST)";
				CODE_SIGN_STYLE = Automatic;
				CURRENT_PROJECT_VERSION = 1;
				DEVELOPMENT_TEAM = LV4S4TG49G;
				GENERATE_INFOPLIST_FILE = YES;
				IPHONEOS_DEPLOYMENT_TARGET = 17.0;
				MARKETING_VERSION = 1.0;
				PRODUCT_BUNDLE_IDENTIFIER = com.ilhamwahabi.EdoKuizuTests;
				PRODUCT_NAME = "$(TARGET_NAME)";
				SWIFT_EMIT_LOC_STRINGS = NO;
				SWIFT_VERSION = 5.0;
				TARGETED_DEVICE_FAMILY = "1,2";
				TEST_HOST = "$(BUILT_PRODUCTS_DIR)/EdoKuizu.app/$(BUNDLE_EXECUTABLE_FOLDER_PATH)/EdoKuizu";
			};
			name = Debug;
		};
		A12C7F9D2B16AD8F0010DD76 /* Release */ = {
			isa = XCBuildConfiguration;
			buildSettings = {
				ALWAYS_EMBED_SWIFT_STANDARD_LIBRARIES = YES;
				BUNDLE_LOADER = "$(TEST_HOST)";
				CODE_SIGN_STYLE = Automatic;
				CURRENT_PROJECT_VERSION = 1;
				DEVELOPMENT_TEAM = LV4S4TG49G;
				GENERATE_INFOPLIST_FILE = YES;
				IPHONEOS_DEPLOYMENT_TARGET = 17.0;
				MARKETING_VERSION = 1.0;
				PRODUCT_BUNDLE_IDENTIFIER = com.ilhamwahabi.EdoKuizuTests;
				PRODUCT_NAME = "$(TARGET_NAME)";
				SWIFT_EMIT_LOC_STRINGS = NO;
				SWIFT_VERSION = 5.0;
				TARGETED_DEVICE_FAMILY = "1,2";
				TEST_HOST = "$(BUILT_PRODUCTS_DIR)/EdoKuizu.app/$(BUNDLE_EXECUTABLE_FOLDER_PATH)/EdoKuizu";
			};
			name = Release;
		};
		A12C7F9F2B16AD8F0010DD76 /* Debug */ = {
			isa = XCBuildConfiguration;
			buildSettings = {
				ALWAYS_EMBED_SWIFT_STANDARD_LIBRARIES = YES;
				CODE_SIGN_STYLE = Automatic;
				CURRENT_PROJECT_VERSION = 1;
				DEVELOPMENT_TEAM = LV4S4TG49G;
				GENERATE_INFOPLIST_FILE = YES;
				MARKETING_VERSION = 1.0;
				PRODUCT_BUNDLE_IDENTIFIER = com.ilhamwahabi.EdoKuizuUITests;
				PRODUCT_NAME = "$(TARGET_NAME)";
				SWIFT_EMIT_LOC_STRINGS = NO;
				SWIFT_VERSION = 5.0;
				TARGETED_DEVICE_FAMILY = "1,2";
				TEST_TARGET_NAME = EdoKuizu;
			};
			name = Debug;
		};
		A12C7FA02B16AD8F0010DD76 /* Release */ = {
			isa = XCBuildConfiguration;
			buildSettings = {
				ALWAYS_EMBED_SWIFT_STANDARD_LIBRARIES = YES;
				CODE_SIGN_STYLE = Automatic;
				CURRENT_PROJECT_VERSION = 1;
				DEVELOPMENT_TEAM = LV4S4TG49G;
				GENERATE_INFOPLIST_FILE = YES;
				MARKETING_VERSION = 1.0;
				PRODUCT_BUNDLE_IDENTIFIER = com.ilhamwahabi.EdoKuizuUITests;
				PRODUCT_NAME = "$(TARGET_NAME)";
				SWIFT_EMIT_LOC_STRINGS = NO;
				SWIFT_VERSION = 5.0;
				TARGETED_DEVICE_FAMILY = "1,2";
				TEST_TARGET_NAME = EdoKuizu;
			};
			name = Release;
		};
/* End XCBuildConfiguration section */

/* Begin XCConfigurationList section */
		A12C7F692B16AD8D0010DD76 /* Build configuration list for PBXProject "EdoKuizu" */ = {
			isa = XCConfigurationList;
			buildConfigurations = (
				A12C7F962B16AD8F0010DD76 /* Debug */,
				A12C7F972B16AD8F0010DD76 /* Release */,
			);
			defaultConfigurationIsVisible = 0;
			defaultConfigurationName = Release;
		};
		A12C7F982B16AD8F0010DD76 /* Build configuration list for PBXNativeTarget "EdoKuizu" */ = {
			isa = XCConfigurationList;
			buildConfigurations = (
				A12C7F992B16AD8F0010DD76 /* Debug */,
				A12C7F9A2B16AD8F0010DD76 /* Release */,
			);
			defaultConfigurationIsVisible = 0;
			defaultConfigurationName = Release;
		};
		A12C7F9B2B16AD8F0010DD76 /* Build configuration list for PBXNativeTarget "EdoKuizuTests" */ = {
			isa = XCConfigurationList;
			buildConfigurations = (
				A12C7F9C2B16AD8F0010DD76 /* Debug */,
				A12C7F9D2B16AD8F0010DD76 /* Release */,
			);
			defaultConfigurationIsVisible = 0;
			defaultConfigurationName = Release;
		};
		A12C7F9E2B16AD8F0010DD76 /* Build configuration list for PBXNativeTarget "EdoKuizuUITests" */ = {
			isa = XCConfigurationList;
			buildConfigurations = (
				A12C7F9F2B16AD8F0010DD76 /* Debug */,
				A12C7FA02B16AD8F0010DD76 /* Release */,
			);
			defaultConfigurationIsVisible = 0;
			defaultConfigurationName = Release;
		};
/* End XCConfigurationList section */
	};
	rootObject = A12C7F662B16AD8D0010DD76 /* Project object */;
}
